{
  "name": "icon",
  "version": "1.0.0",
  "lockfileVersion": 1,
  "requires": true,
  "dependencies": {
    "@rgrove/parse-xml": {
      "version": "3.0.0",
      "resolved": "http://registry.npm.oa.com/@rgrove/parse-xml/download/@rgrove/parse-xml-3.0.0.tgz",
      "integrity": "sha1-KdReretsmnAQOM+5+rI1anvccdU="
    },
    "@trysound/sax": {
      "version": "0.2.0",
      "resolved": "http://registry.npm.oa.com/@trysound/sax/download/@trysound/sax-0.2.0.tgz",
      "integrity": "sha1-zMqrdYr1Z2Hre/N69vA/Mm3XmK0="
    },
    "ansi-styles": {
      "version": "4.3.0",
      "resolved": "http://registry.npm.oa.com/ansi-styles/download/ansi-styles-4.3.0.tgz",
      "integrity": "sha1-7dgDYornHATIWuegkG7a00tkiTc=",
      "requires": {
        "color-convert": "^2.0.1"
      }
    },
    "async": {
      "version": "3.2.3",
      "resolved": "http://registry.npm.oa.com/async/download/async-3.2.3.tgz",
      "integrity": "sha1-rFPa/T9HIO6eihYGKPGOqR3xlsk="
    },
    "balanced-match": {
      "version": "1.0.2",
      "resolved": "http://registry.npm.oa.com/balanced-match/download/balanced-match-1.0.2.tgz",
      "integrity": "sha1-6D46fj8wCzTLnYf2FfoMvzV2kO4="
    },
    "boolbase": {
      "version": "1.0.0",
      "resolved": "http://registry.npm.oa.com/boolbase/download/boolbase-1.0.0.tgz",
      "integrity": "sha1-aN/1++YMUes3cl6p4+0xDcwed24="
    },
    "brace-expansion": {
      "version": "2.0.1",
      "resolved": "http://registry.npm.oa.com/brace-expansion/download/brace-expansion-2.0.1.tgz",
      "integrity": "sha1-HtxFng8MVISG7Pn8mfIiE2S5oK4=",
      "requires": {
        "balanced-match": "^1.0.0"
      }
    },
    "chalk": {
      "version": "4.1.2",
      "resolved": "http://registry.npm.oa.com/chalk/download/chalk-4.1.2.tgz",
      "integrity": "sha1-qsTit3NKdAhnrrFr8CqtVWoeegE=",
      "requires": {
        "ansi-styles": "^4.1.0",
        "supports-color": "^7.1.0"
      }
    },
    "color-convert": {
      "version": "2.0.1",
      "resolved": "http://registry.npm.oa.com/color-convert/download/color-convert-2.0.1.tgz",
      "integrity": "sha1-ctOmjVmMm9s68q0ehPIdiWq9TeM=",
      "requires": {
        "color-name": "~1.1.4"
      }
    },
    "color-name": {
      "version": "1.1.4",
      "resolved": "http://registry.npm.oa.com/color-name/download/color-name-1.1.4.tgz",
      "integrity": "sha1-wqCah6y95pVD3m9j+jmVyCbFNqI="
    },
    "colors": {
      "version": "1.4.0",
      "resolved": "http://registry.npm.oa.com/colors/download/colors-1.4.0.tgz",
      "integrity": "sha1-xQSRR51MG9rtLJztMs98fcI2D3g="
    },
    "commander": {
      "version": "7.2.0",
      "resolved": "http://registry.npm.oa.com/commander/download/commander-7.2.0.tgz",
      "integrity": "sha1-o2y1fQtQHOEI5NIFWaFQo5HZerc="
    },
    "concat-map": {
      "version": "0.0.1",
      "resolved": "http://registry.npm.oa.com/concat-map/download/concat-map-0.0.1.tgz",
      "integrity": "sha1-2Klr13/Wjfd5OnMDajug1UBdR3s="
    },
    "css-select": {
      "version": "4.3.0",
      "resolved": "http://registry.npm.oa.com/css-select/download/css-select-4.3.0.tgz",
      "integrity": "sha1-23EpsoRmYv2GKM/ElquytZ5BUps=",
      "requires": {
        "boolbase": "^1.0.0",
        "css-what": "^6.0.1",
        "domhandler": "^4.3.1",
        "domutils": "^2.8.0",
        "nth-check": "^2.0.1"
      }
    },
    "css-tree": {
      "version": "1.1.3",
      "resolved": "http://registry.npm.oa.com/css-tree/download/css-tree-1.1.3.tgz",
      "integrity": "sha1-60hw+2/XcHMn7JXC/yqwm16NuR0=",
      "requires": {
        "mdn-data": "2.0.14",
        "source-map": "^0.6.1"
      }
    },
    "css-what": {
      "version": "6.1.0",
      "resolved": "http://registry.npm.oa.com/css-what/download/css-what-6.1.0.tgz",
      "integrity": "sha1-+17/z3bx3eosgb36pN5E55uscPQ="
    },
    "csso": {
      "version": "4.2.0",
      "resolved": "http://registry.npm.oa.com/csso/download/csso-4.2.0.tgz",
      "integrity": "sha1-6jpWE0bo3J9UbW/r7dUBh884lSk=",
      "requires": {
        "css-tree": "^1.1.2"
      }
    },
    "dom-serializer": {
      "version": "1.4.1",
      "resolved": "http://registry.npm.oa.com/dom-serializer/download/dom-serializer-1.4.1.tgz",
      "integrity": "sha1-3l1Bsa6ikCFdxFptrorc8dMuLTA=",
      "requires": {
        "domelementtype": "^2.0.1",
        "domhandler": "^4.2.0",
        "entities": "^2.0.0"
      }
    },
    "domelementtype": {
      "version": "2.3.0",
      "resolved": "http://registry.npm.oa.com/domelementtype/download/domelementtype-2.3.0.tgz",
      "integrity": "sha1-XEXo6GmVJiYzHXqrMm0B2vZdWJ0="
    },
    "domhandler": {
      "version": "4.3.1",
      "resolved": "http://registry.npm.oa.com/domhandler/download/domhandler-4.3.1.tgz",
      "integrity": "sha1-jXkgM0FvWdaLwDpap7AYwcqJJ5w=",
      "requires": {
        "domelementtype": "^2.2.0"
      }
    },
    "domutils": {
      "version": "2.8.0",
      "resolved": "http://registry.npm.oa.com/domutils/download/domutils-2.8.0.tgz",
      "integrity": "sha1-RDfe9dtuLR9dbuhZvZXKfQIEgTU=",
      "requires": {
        "dom-serializer": "^1.0.1",
        "domelementtype": "^2.2.0",
        "domhandler": "^4.2.0"
      }
    },
    "ejs": {
      "version": "3.1.7",
      "resolved": "http://registry.npm.oa.com/ejs/download/ejs-3.1.7.tgz",
      "integrity": "sha1-xUTZx/cVeD3ZLwvdz3Olnmli0AY=",
      "requires": {
        "jake": "^10.8.5"
      }
    },
    "entities": {
      "version": "2.2.0",
      "resolved": "http://registry.npm.oa.com/entities/download/entities-2.2.0.tgz",
      "integrity": "sha1-CY3JDruD2N/6CJ1VJWs1HTTE2lU="
    },
    "filelist": {
      "version": "1.0.3",
      "resolved": "http://registry.npm.oa.com/filelist/download/filelist-1.0.3.tgz",
      "integrity": "sha1-RIYHdQN2SEky9n7xuf8HOGsDbIM=",
      "requires": {
        "minimatch": "^5.0.1"
      },
      "dependencies": {
        "minimatch": {
          "version": "5.0.1",
          "resolved": "http://registry.npm.oa.com/minimatch/download/minimatch-5.0.1.tgz",
          "integrity": "sha1-+5Ai91KBJRh8kr2em2NmvhzzQVs=",
          "requires": {
            "brace-expansion": "^2.0.1"
          }
        }
      }
    },
    "has-flag": {
      "version": "4.0.0",
      "resolved": "http://registry.npm.oa.com/has-flag/download/has-flag-4.0.0.tgz",
      "integrity": "sha1-lEdx/ZyByBJlxNaUGGDaBrtZR5s="
    },
    "jake": {
      "version": "10.8.5",
      "resolved": "http://registry.npm.oa.com/jake/download/jake-10.8.5.tgz",
      "integrity": "sha1-8hg9LFk4LLJ0ImA0VDucA7gWTEY=",
      "requires": {
        "async": "^3.2.3",
        "chalk": "^4.0.2",
        "filelist": "^1.0.1",
        "minimatch": "^3.0.4"
      }
    },
    "mdn-data": {
      "version": "2.0.14",
      "resolved": "http://registry.npm.oa.com/mdn-data/download/mdn-data-2.0.14.tgz",
      "integrity": "sha1-cRP8QoGRfWPOKbQ0RvcB5owlulA="
    },
    "minimatch": {
      "version": "3.1.2",
      "resolved": "http://registry.npm.oa.com/minimatch/download/minimatch-3.1.2.tgz",
      "integrity": "sha1-Gc0ZS/0+Qo8EmnCBfAONiatL41s=",
      "requires": {
        "brace-expansion": "^1.1.7"
      },
      "dependencies": {
        "brace-expansion": {
          "version": "1.1.11",
          "resolved": "http://registry.npm.oa.com/brace-expansion/download/brace-expansion-1.1.11.tgz",
          "integrity": "sha1-PH/L9SnYcibz0vUrlm/1Jx60Qd0=",
          "requires": {
            "balanced-match": "^1.0.0",
            "concat-map": "0.0.1"
          }
        }
      }
    },
    "nth-check": {
      "version": "2.0.1",
      "resolved": "http://registry.npm.oa.com/nth-check/download/nth-check-2.0.1.tgz",
      "integrity": "sha1-Lv4WL1w9oGoolZ+9PbddvuqfD8I=",
      "requires": {
        "boolbase": "^1.0.0"
      }
    },
    "picocolors": {
      "version": "1.0.0",
      "resolved": "http://registry.npm.oa.com/picocolors/download/picocolors-1.0.0.tgz",
      "integrity": "sha1-y1vcdP8/UYkiNur3nWi8RFZKuBw="
    },
    "source-map": {
      "version": "0.6.1",
      "resolved": "http://registry.npm.oa.com/source-map/download/source-map-0.6.1.tgz",
      "integrity": "sha1-dHIq8y6WFOnCh6jQu95IteLxomM="
    },
    "stable": {
      "version": "0.1.8",
      "resolved": "http://registry.npm.oa.com/stable/download/stable-0.1.8.tgz",
      "integrity": "sha1-g26zyDgv4pNv6vVEYxAXzn1Ho88="
    },
    "supports-color": {
      "version": "7.2.0",
      "resolved": "http://registry.npm.oa.com/supports-color/download/supports-color-7.2.0.tgz",
      "integrity": "sha1-G33NyzK4E4gBs+R4umpRyqiWSNo=",
      "requires": {
        "has-flag": "^4.0.0"
      }
    },
    "svgo": {
      "version": "2.8.0",
      "resolved": "http://registry.npm.oa.com/svgo/download/svgo-2.8.0.tgz",
      "integrity": "sha1-T/gMzmcQ3CeV8MfHQQHmdkz8zSQ=",
      "requires": {
        "@trysound/sax": "0.2.0",
        "commander": "^7.2.0",
        "css-select": "^4.1.3",
        "css-tree": "^1.1.3",
        "csso": "^4.2.0",
        "picocolors": "^1.0.0",
        "stable": "^0.1.8"
      }
    }
  }
}
